// !$*UTF8*$!
{
	archiveVersion = 1;
	classes = {
	};
	objectVersion = 50;
	objects = {

/* Begin PBXBuildFile section */
		009CD98F23CE5229008E52E9 /* AppDelegate.swift in Sources */ = {isa = PBXBuildFile; fileRef = 009CD98E23CE5229008E52E9 /* AppDelegate.swift */; };
		009CD99123CE5229008E52E9 /* SceneDelegate.swift in Sources */ = {isa = PBXBuildFile; fileRef = 009CD99023CE5229008E52E9 /* SceneDelegate.swift */; };
		009CD99323CE5229008E52E9 /* ViewController.swift in Sources */ = {isa = PBXBuildFile; fileRef = 009CD99223CE5229008E52E9 /* ViewController.swift */; };
		009CD99623CE5229008E52E9 /* Main.storyboard in Resources */ = {isa = PBXBuildFile; fileRef = 009CD99423CE5229008E52E9 /* Main.storyboard */; };
		009CD99923CE5229008E52E9 /* LocationTracker.xcdatamodeld in Sources */ = {isa = PBXBuildFile; fileRef = 009CD99723CE5229008E52E9 /* LocationTracker.xcdatamodeld */; };
		009CD99B23CE522E008E52E9 /* Assets.xcassets in Resources */ = {isa = PBXBuildFile; fileRef = 009CD99A23CE522E008E52E9 /* Assets.xcassets */; };
		009CD99E23CE522E008E52E9 /* LaunchScreen.storyboard in Resources */ = {isa = PBXBuildFile; fileRef = 009CD99C23CE522E008E52E9 /* LaunchScreen.storyboard */; };
		009CD9A623CE5762008E52E9 /* LocationParser.swift in Sources */ = {isa = PBXBuildFile; fileRef = 009CD9A523CE5762008E52E9 /* LocationParser.swift */; };
		009CD9A823CE5A4E008E52E9 /* InfluxApi.swift in Sources */ = {isa = PBXBuildFile; fileRef = 009CD9A723CE5A4E008E52E9 /* InfluxApi.swift */; };
/* End PBXBuildFile section */

/* Begin PBXFileReference section */
		009CD98B23CE5229008E52E9 /* LocationTracker.app */ = {isa = PBXFileReference; explicitFileType = wrapper.application; includeInIndex = 0; path = LocationTracker.app; sourceTree = BUILT_PRODUCTS_DIR; };
		009CD98E23CE5229008E52E9 /* AppDelegate.swift */ = {isa = PBXFileReference; lastKnownFileType = sourcecode.swift; path = AppDelegate.swift; sourceTree = "<group>"; };
		009CD99023CE5229008E52E9 /* SceneDelegate.swift */ = {isa = PBXFileReference; lastKnownFileType = sourcecode.swift; path = SceneDelegate.swift; sourceTree = "<group>"; };
		009CD99223CE5229008E52E9 /* ViewController.swift */ = {isa = PBXFileReference; lastKnownFileType = sourcecode.swift; path = ViewController.swift; sourceTree = "<group>"; };
		009CD99523CE5229008E52E9 /* Base */ = {isa = PBXFileReference; lastKnownFileType = file.storyboard; name = Base; path = Base.lproj/Main.storyboard; sourceTree = "<group>"; };
		009CD99823CE5229008E52E9 /* LocationTracker.xcdatamodel */ = {isa = PBXFileReference; lastKnownFileType = wrapper.xcdatamodel; path = LocationTracker.xcdatamodel; sourceTree = "<group>"; };
		009CD99A23CE522E008E52E9 /* Assets.xcassets */ = {isa = PBXFileReference; lastKnownFileType = folder.assetcatalog; path = Assets.xcassets; sourceTree = "<group>"; };
		009CD99D23CE522E008E52E9 /* Base */ = {isa = PBXFileReference; lastKnownFileType = file.storyboard; name = Base; path = Base.lproj/LaunchScreen.storyboard; sourceTree = "<group>"; };
		009CD99F23CE522E008E52E9 /* Info.plist */ = {isa = PBXFileReference; lastKnownFileType = text.plist.xml; path = Info.plist; sourceTree = "<group>"; };
		009CD9A523CE5762008E52E9 /* LocationParser.swift */ = {isa = PBXFileReference; lastKnownFileType = sourcecode.swift; path = LocationParser.swift; sourceTree = "<group>"; };
		009CD9A723CE5A4E008E52E9 /* InfluxApi.swift */ = {isa = PBXFileReference; lastKnownFileType = sourcecode.swift; path = InfluxApi.swift; sourceTree = "<group>"; };
/* End PBXFileReference section */

/* Begin PBXFrameworksBuildPhase section */
		009CD98823CE5229008E52E9 /* Frameworks */ = {
			isa = PBXFrameworksBuildPhase;
			buildActionMask = 2147483647;
			files = (
			);
			runOnlyForDeploymentPostprocessing = 0;
		};
/* End PBXFrameworksBuildPhase section */

/* Begin PBXGroup section */
		009CD98223CE5229008E52E9 = {
			isa = PBXGroup;
			children = (
				009CD98D23CE5229008E52E9 /* LocationTracker */,
				009CD98C23CE5229008E52E9 /* Products */,
			);
			sourceTree = "<group>";
		};
		009CD98C23CE5229008E52E9 /* Products */ = {
			isa = PBXGroup;
			children = (
				009CD98B23CE5229008E52E9 /* LocationTracker.app */,
			);
			name = Products;
			sourceTree = "<group>";
		};
		009CD98D23CE5229008E52E9 /* LocationTracker */ = {
			isa = PBXGroup;
			children = (
				009CD98E23CE5229008E52E9 /* AppDelegate.swift */,
				009CD9A523CE5762008E52E9 /* LocationParser.swift */,
				009CD9A723CE5A4E008E52E9 /* InfluxApi.swift */,
				009CD99023CE5229008E52E9 /* SceneDelegate.swift */,
				009CD99223CE5229008E52E9 /* ViewController.swift */,
				009CD99423CE5229008E52E9 /* Main.storyboard */,
				009CD99A23CE522E008E52E9 /* Assets.xcassets */,
				009CD99C23CE522E008E52E9 /* LaunchScreen.storyboard */,
				009CD99F23CE522E008E52E9 /* Info.plist */,
				009CD99723CE5229008E52E9 /* LocationTracker.xcdatamodeld */,
			);
			path = LocationTracker;
			sourceTree = "<group>";
		};
/* End PBXGroup section */

/* Begin PBXNativeTarget section */
		009CD98A23CE5229008E52E9 /* LocationTracker */ = {
			isa = PBXNativeTarget;
			buildConfigurationList = 009CD9A223CE522E008E52E9 /* Build configuration list for PBXNativeTarget "LocationTracker" */;
			buildPhases = (
				009CD98723CE5229008E52E9 /* Sources */,
				009CD98823CE5229008E52E9 /* Frameworks */,
				009CD98923CE5229008E52E9 /* Resources */,
			);
			buildRules = (
			);
			dependencies = (
			);
			name = LocationTracker;
			productName = LocationTracker;
			productReference = 009CD98B23CE5229008E52E9 /* LocationTracker.app */;
			productType = "com.apple.product-type.application";
		};
/* End PBXNativeTarget section */

/* Begin PBXProject section */
		009CD98323CE5229008E52E9 /* Project object */ = {
			isa = PBXProject;
			attributes = {
				LastSwiftUpdateCheck = 1120;
				LastUpgradeCheck = 1120;
				ORGANIZATIONNAME = "Gabriel Revells";
				TargetAttributes = {
					009CD98A23CE5229008E52E9 = {
						CreatedOnToolsVersion = 11.2.1;
					};
				};
			};
			buildConfigurationList = 009CD98623CE5229008E52E9 /* Build configuration list for PBXProject "LocationTracker" */;
			compatibilityVersion = "Xcode 9.3";
			developmentRegion = en;
			hasScannedForEncodings = 0;
			knownRegions = (
				en,
				Base,
			);
			mainGroup = 009CD98223CE5229008E52E9;
			productRefGroup = 009CD98C23CE5229008E52E9 /* Products */;
			projectDirPath = "";
			projectRoot = "";
			targets = (
				009CD98A23CE5229008E52E9 /* LocationTracker */,
			);
		};
/* End PBXProject section */

/* Begin PBXResourcesBuildPhase section */
		009CD98923CE5229008E52E9 /* Resources */ = {
			isa = PBXResourcesBuildPhase;
			buildActionMask = 2147483647;
			files = (
				009CD99E23CE522E008E52E9 /* LaunchScreen.storyboard in Resources */,
				009CD99B23CE522E008E52E9 /* Assets.xcassets in Resources */,
				009CD99623CE5229008E52E9 /* Main.storyboard in Resources */,
			);
			runOnlyForDeploymentPostprocessing = 0;
		};
/* End PBXResourcesBuildPhase section */

/* Begin PBXSourcesBuildPhase section */
		009CD98723CE5229008E52E9 /* Sources */ = {
			isa = PBXSourcesBuildPhase;
			buildActionMask = 2147483647;
			files = (
				009CD99323CE5229008E52E9 /* ViewController.swift in Sources */,
				009CD99923CE5229008E52E9 /* LocationTracker.xcdatamodeld in Sources */,
				009CD98F23CE5229008E52E9 /* AppDelegate.swift in Sources */,
				009CD9A623CE5762008E52E9 /* LocationParser.swift in Sources */,
				009CD9A823CE5A4E008E52E9 /* InfluxApi.swift in Sources */,
				009CD99123CE5229008E52E9 /* SceneDelegate.swift in Sources */,
			);
			runOnlyForDeploymentPostprocessing = 0;
		};
/* End PBXSourcesBuildPhase section */

/* Begin PBXVariantGroup section */
		009CD99423CE5229008E52E9 /* Main.storyboard */ = {
			isa = PBXVariantGroup;
			children = (
				009CD99523CE5229008E52E9 /* Base */,
			);
			name = Main.storyboard;
			sourceTree = "<group>";
		};
		009CD99C23CE522E008E52E9 /* LaunchScreen.storyboard */ = {
			isa = PBXVariantGroup;
			children = (
				009CD99D23CE522E008E52E9 /* Base */,
			);
			name = LaunchScreen.storyboard;
			sourceTree = "<group>";
		};
/* End PBXVariantGroup section */

/* Begin XCBuildConfiguration section */
		009CD9A023CE522E008E52E9 /* Debug */ = {
			isa = XCBuildConfiguration;
			buildSettings = {
				ALWAYS_SEARCH_USER_PATHS = NO;
				CLANG_ANALYZER_NONNULL = YES;
				CLANG_ANALYZER_NUMBER_OBJECT_CONVERSION = YES_AGGRESSIVE;
				CLANG_CXX_LANGUAGE_STANDARD = "gnu++14";
				CLANG_CXX_LIBRARY = "libc++";
				CLANG_ENABLE_MODULES = YES;
				CLANG_ENABLE_OBJC_ARC = YES;
				CLANG_ENABLE_OBJC_WEAK = YES;
				CLANG_WARN_BLOCK_CAPTURE_AUTORELEASING = YES;
				CLANG_WARN_BOOL_CONVERSION = YES;
				CLANG_WARN_COMMA = YES;
				CLANG_WARN_CONSTANT_CONVERSION = YES;
				CLANG_WARN_DEPRECATED_OBJC_IMPLEMENTATIONS = YES;
				CLANG_WARN_DIRECT_OBJC_ISA_USAGE = YES_ERROR;
				CLANG_WARN_DOCUMENTATION_COMMENTS = YES;
				CLANG_WARN_EMPTY_BODY = YES;
				CLANG_WARN_ENUM_CONVERSION = YES;
				CLANG_WARN_INFINITE_RECURSION = YES;
				CLANG_WARN_INT_CONVERSION = YES;
				CLANG_WARN_NON_LITERAL_NULL_CONVERSION = YES;
				CLANG_WARN_OBJC_IMPLICIT_RETAIN_SELF = YES;
				CLANG_WARN_OBJC_LITERAL_CONVERSION = YES;
				CLANG_WARN_OBJC_ROOT_CLASS = YES_ERROR;
				CLANG_WARN_RANGE_LOOP_ANALYSIS = YES;
				CLANG_WARN_STRICT_PROTOTYPES = YES;
				CLANG_WARN_SUSPICIOUS_MOVE = YES;
				CLANG_WARN_UNGUARDED_AVAILABILITY = YES_AGGRESSIVE;
				CLANG_WARN_UNREACHABLE_CODE = YES;
				CLANG_WARN__DUPLICATE_METHOD_MATCH = YES;
				COPY_PHASE_STRIP = NO;
				DEBUG_INFORMATION_FORMAT = dwarf;
				ENABLE_STRICT_OBJC_MSGSEND = YES;
				ENABLE_TESTABILITY = YES;
				GCC_C_LANGUAGE_STANDARD = gnu11;
				GCC_DYNAMIC_NO_PIC = NO;
				GCC_NO_COMMON_BLOCKS = YES;
				GCC_OPTIMIZATION_LEVEL = 0;
				GCC_PREPROCESSOR_DEFINITIONS = (
					"DEBUG=1",
					"$(inherited)",
				);
				GCC_WARN_64_TO_32_BIT_CONVERSION = YES;
				GCC_WARN_ABOUT_RETURN_TYPE = YES_ERROR;
				GCC_WARN_UNDECLARED_SELECTOR = YES;
				GCC_WARN_UNINITIALIZED_AUTOS = YES_AGGRESSIVE;
				GCC_WARN_UNUSED_FUNCTION = YES;
				GCC_WARN_UNUSED_VARIABLE = YES;
				IPHONEOS_DEPLOYMENT_TARGET = 13.2;
				MTL_ENABLE_DEBUG_INFO = INCLUDE_SOURCE;
				MTL_FAST_MATH = YES;
				ONLY_ACTIVE_ARCH = YES;
				SDKROOT = iphoneos;
				SWIFT_ACTIVE_COMPILATION_CONDITIONS = DEBUG;
				SWIFT_OPTIMIZATION_LEVEL = "-Onone";
			};
			name = Debug;
		};
		009CD9A123CE522E008E52E9 /* Release */ = {
			isa = XCBuildConfiguration;
			buildSettings = {
				ALWAYS_SEARCH_USER_PATHS = NO;
				CLANG_ANALYZER_NONNULL = YES;
				CLANG_ANALYZER_NUMBER_OBJECT_CONVERSION = YES_AGGRESSIVE;
				CLANG_CXX_LANGUAGE_STANDARD = "gnu++14";
				CLANG_CXX_LIBRARY = "libc++";
				CLANG_ENABLE_MODULES = YES;
				CLANG_ENABLE_OBJC_ARC = YES;
				CLANG_ENABLE_OBJC_WEAK = YES;
				CLANG_WARN_BLOCK_CAPTURE_AUTORELEASING = YES;
				CLANG_WARN_BOOL_CONVERSION = YES;
				CLANG_WARN_COMMA = YES;
				CLANG_WARN_CONSTANT_CONVERSION = YES;
				CLANG_WARN_DEPRECATED_OBJC_IMPLEMENTATIONS = YES;
				CLANG_WARN_DIRECT_OBJC_ISA_USAGE = YES_ERROR;
				CLANG_WARN_DOCUMENTATION_COMMENTS = YES;
				CLANG_WARN_EMPTY_BODY = YES;
				CLANG_WARN_ENUM_CONVERSION = YES;
				CLANG_WARN_INFINITE_RECURSION = YES;
				CLANG_WARN_INT_CONVERSION = YES;
				CLANG_WARN_NON_LITERAL_NULL_CONVERSION = YES;
				CLANG_WARN_OBJC_IMPLICIT_RETAIN_SELF = YES;
				CLANG_WARN_OBJC_LITERAL_CONVERSION = YES;
				CLANG_WARN_OBJC_ROOT_CLASS = YES_ERROR;
				CLANG_WARN_RANGE_LOOP_ANALYSIS = YES;
				CLANG_WARN_STRICT_PROTOTYPES = YES;
				CLANG_WARN_SUSPICIOUS_MOVE = YES;
				CLANG_WARN_UNGUARDED_AVAILABILITY = YES_AGGRESSIVE;
				CLANG_WARN_UNREACHABLE_CODE = YES;
				CLANG_WARN__DUPLICATE_METHOD_MATCH = YES;
				COPY_PHASE_STRIP = NO;
				DEBUG_INFORMATION_FORMAT = "dwarf-with-dsym";
				ENABLE_NS_ASSERTIONS = NO;
				ENABLE_STRICT_OBJC_MSGSEND = YES;
				GCC_C_LANGUAGE_STANDARD = gnu11;
				GCC_NO_COMMON_BLOCKS = YES;
				GCC_WARN_64_TO_32_BIT_CONVERSION = YES;
				GCC_WARN_ABOUT_RETURN_TYPE = YES_ERROR;
				GCC_WARN_UNDECLARED_SELECTOR = YES;
				GCC_WARN_UNINITIALIZED_AUTOS = YES_AGGRESSIVE;
				GCC_WARN_UNUSED_FUNCTION = YES;
				GCC_WARN_UNUSED_VARIABLE = YES;
				IPHONEOS_DEPLOYMENT_TARGET = 13.2;
				MTL_ENABLE_DEBUG_INFO = NO;
				MTL_FAST_MATH = YES;
				SDKROOT = iphoneos;
				SWIFT_COMPILATION_MODE = wholemodule;
				SWIFT_OPTIMIZATION_LEVEL = "-O";
				VALIDATE_PRODUCT = YES;
			};
			name = Release;
		};
		009CD9A323CE522E008E52E9 /* Debug */ = {
			isa = XCBuildConfiguration;
			buildSettings = {
				ASSETCATALOG_COMPILER_APPICON_NAME = AppIcon;
				CODE_SIGN_STYLE = Automatic;
				DEVELOPMENT_TEAM = 6YUP5Q2DLS;
				INFOPLIST_FILE = LocationTracker/Info.plist;
				LD_RUNPATH_SEARCH_PATHS = (
					"$(inherited)",
					"@executable_path/Frameworks",
				);
				PRODUCT_BUNDLE_IDENTIFIER = com.revoltapplications.LocationTracker;
				PRODUCT_NAME = "$(TARGET_NAME)";
				SWIFT_VERSION = 5.0;
				TARGETED_DEVICE_FAMILY = "1,2";
			};
			name = Debug;
		};
		009CD9A423CE522E008E52E9 /* Release */ = {
			isa = XCBuildConfiguration;
			buildSettings = {
				ASSETCATALOG_COMPILER_APPICON_NAME = AppIcon;
				CODE_SIGN_STYLE = Automatic;
				DEVELOPMENT_TEAM = 6YUP5Q2DLS;
				INFOPLIST_FILE = LocationTracker/Info.plist;
				LD_RUNPATH_SEARCH_PATHS = (
					"$(inherited)",
					"@executable_path/Frameworks",
				);
				PRODUCT_BUNDLE_IDENTIFIER = com.revoltapplications.LocationTracker;
				PRODUCT_NAME = "$(TARGET_NAME)";
				SWIFT_VERSION = 5.0;
				TARGETED_DEVICE_FAMILY = "1,2";
			};
			name = Release;
		};
/* End XCBuildConfiguration section */

/* Begin XCConfigurationList section */
		009CD98623CE5229008E52E9 /* Build configuration list for PBXProject "LocationTracker" */ = {
			isa = XCConfigurationList;
			buildConfigurations = (
				009CD9A023CE522E008E52E9 /* Debug */,
				009CD9A123CE522E008E52E9 /* Release */,
			);
			defaultConfigurationIsVisible = 0;
			defaultConfigurationName = Release;
		};
		009CD9A223CE522E008E52E9 /* Build configuration list for PBXNativeTarget "LocationTracker" */ = {
			isa = XCConfigurationList;
			buildConfigurations = (
				009CD9A323CE522E008E52E9 /* Debug */,
				009CD9A423CE522E008E52E9 /* Release */,
			);
			defaultConfigurationIsVisible = 0;
			defaultConfigurationName = Release;
		};
/* End XCConfigurationList section */

/* Begin XCVersionGroup section */
		009CD99723CE5229008E52E9 /* LocationTracker.xcdatamodeld */ = {
			isa = XCVersionGroup;
			children = (
				009CD99823CE5229008E52E9 /* LocationTracker.xcdatamodel */,
			);
			currentVersion = 009CD99823CE5229008E52E9 /* LocationTracker.xcdatamodel */;
			path = LocationTracker.xcdatamodeld;
			sourceTree = "<group>";
			versionGroupType = wrapper.xcdatamodel;
		};
/* End XCVersionGroup section */
	};
	rootObject = 009CD98323CE5229008E52E9 /* Project object */;
}
